// !$*UTF8*$!
{
	archiveVersion = 1;
	classes = {
	};
	objectVersion = 46;
	objects = {

/* Begin PBXBuildFile section */
		95F71CF81F720A22000B7E8F /* AppDelegate.swift in Sources */ = {isa = PBXBuildFile; fileRef = 95F71CF71F720A22000B7E8F /* AppDelegate.swift */; };
		95F71CFA1F720A22000B7E8F /* ViewController.swift in Sources */ = {isa = PBXBuildFile; fileRef = 95F71CF91F720A22000B7E8F /* ViewController.swift */; };
		95F71CFD1F720A22000B7E8F /* Main.storyboard in Resources */ = {isa = PBXBuildFile; fileRef = 95F71CFB1F720A22000B7E8F /* Main.storyboard */; };
		95F71CFF1F720A22000B7E8F /* Assets.xcassets in Resources */ = {isa = PBXBuildFile; fileRef = 95F71CFE1F720A22000B7E8F /* Assets.xcassets */; };
		95F71D021F720A22000B7E8F /* LaunchScreen.storyboard in Resources */ = {isa = PBXBuildFile; fileRef = 95F71D001F720A22000B7E8F /* LaunchScreen.storyboard */; };
		95F71D0D1F720A22000B7E8F /* WeightAppTests.swift in Sources */ = {isa = PBXBuildFile; fileRef = 95F71D0C1F720A22000B7E8F /* WeightAppTests.swift */; };
		95F71D181F720A22000B7E8F /* WeightAppUITests.swift in Sources */ = {isa = PBXBuildFile; fileRef = 95F71D171F720A22000B7E8F /* WeightAppUITests.swift */; };
/* End PBXBuildFile section */

/* Begin PBXContainerItemProxy section */
		95F71D091F720A22000B7E8F /* PBXContainerItemProxy */ = {
			isa = PBXContainerItemProxy;
			containerPortal = 95F71CEC1F720A22000B7E8F /* Project object */;
			proxyType = 1;
			remoteGlobalIDString = 95F71CF31F720A22000B7E8F;
			remoteInfo = WeightApp;
		};
		95F71D141F720A22000B7E8F /* PBXContainerItemProxy */ = {
			isa = PBXContainerItemProxy;
			containerPortal = 95F71CEC1F720A22000B7E8F /* Project object */;
			proxyType = 1;
			remoteGlobalIDString = 95F71CF31F720A22000B7E8F;
			remoteInfo = WeightApp;
		};
/* End PBXContainerItemProxy section */

/* Begin PBXFileReference section */
		95F71CF41F720A22000B7E8F /* WeightApp.app */ = {isa = PBXFileReference; explicitFileType = wrapper.application; includeInIndex = 0; path = WeightApp.app; sourceTree = BUILT_PRODUCTS_DIR; };
		95F71CF71F720A22000B7E8F /* AppDelegate.swift */ = {isa = PBXFileReference; lastKnownFileType = sourcecode.swift; path = AppDelegate.swift; sourceTree = "<group>"; };
		95F71CF91F720A22000B7E8F /* ViewController.swift */ = {isa = PBXFileReference; lastKnownFileType = sourcecode.swift; path = ViewController.swift; sourceTree = "<group>"; };
		95F71CFC1F720A22000B7E8F /* Base */ = {isa = PBXFileReference; lastKnownFileType = file.storyboard; name = Base; path = Base.lproj/Main.storyboard; sourceTree = "<group>"; };
		95F71CFE1F720A22000B7E8F /* Assets.xcassets */ = {isa = PBXFileReference; lastKnownFileType = folder.assetcatalog; path = Assets.xcassets; sourceTree = "<group>"; };
		95F71D011F720A22000B7E8F /* Base */ = {isa = PBXFileReference; lastKnownFileType = file.storyboard; name = Base; path = Base.lproj/LaunchScreen.storyboard; sourceTree = "<group>"; };
		95F71D031F720A22000B7E8F /* Info.plist */ = {isa = PBXFileReference; lastKnownFileType = text.plist.xml; path = Info.plist; sourceTree = "<group>"; };
		95F71D081F720A22000B7E8F /* WeightAppTests.xctest */ = {isa = PBXFileReference; explicitFileType = wrapper.cfbundle; includeInIndex = 0; path = WeightAppTests.xctest; sourceTree = BUILT_PRODUCTS_DIR; };
		95F71D0C1F720A22000B7E8F /* WeightAppTests.swift */ = {isa = PBXFileReference; lastKnownFileType = sourcecode.swift; path = WeightAppTests.swift; sourceTree = "<group>"; };
		95F71D0E1F720A22000B7E8F /* Info.plist */ = {isa = PBXFileReference; lastKnownFileType = text.plist.xml; path = Info.plist; sourceTree = "<group>"; };
		95F71D131F720A22000B7E8F /* WeightAppUITests.xctest */ = {isa = PBXFileReference; explicitFileType = wrapper.cfbundle; includeInIndex = 0; path = WeightAppUITests.xctest; sourceTree = BUILT_PRODUCTS_DIR; };
		95F71D171F720A22000B7E8F /* WeightAppUITests.swift */ = {isa = PBXFileReference; lastKnownFileType = sourcecode.swift; path = WeightAppUITests.swift; sourceTree = "<group>"; };
		95F71D191F720A22000B7E8F /* Info.plist */ = {isa = PBXFileReference; lastKnownFileType = text.plist.xml; path = Info.plist; sourceTree = "<group>"; };
/* End PBXFileReference section */

/* Begin PBXFrameworksBuildPhase section */
		95F71CF11F720A22000B7E8F /* Frameworks */ = {
			isa = PBXFrameworksBuildPhase;
			buildActionMask = 2147483647;
			files = (
			);
			runOnlyForDeploymentPostprocessing = 0;
		};
		95F71D051F720A22000B7E8F /* Frameworks */ = {
			isa = PBXFrameworksBuildPhase;
			buildActionMask = 2147483647;
			files = (
			);
			runOnlyForDeploymentPostprocessing = 0;
		};
		95F71D101F720A22000B7E8F /* Frameworks */ = {
			isa = PBXFrameworksBuildPhase;
			buildActionMask = 2147483647;
			files = (
			);
			runOnlyForDeploymentPostprocessing = 0;
		};
/* End PBXFrameworksBuildPhase section */

/* Begin PBXGroup section */
		95F71CEB1F720A22000B7E8F = {
			isa = PBXGroup;
			children = (
				95F71CF61F720A22000B7E8F /* WeightApp */,
				95F71D0B1F720A22000B7E8F /* WeightAppTests */,
				95F71D161F720A22000B7E8F /* WeightAppUITests */,
				95F71CF51F720A22000B7E8F /* Products */,
			);
			sourceTree = "<group>";
		};
		95F71CF51F720A22000B7E8F /* Products */ = {
			isa = PBXGroup;
			children = (
				95F71CF41F720A22000B7E8F /* WeightApp.app */,
				95F71D081F720A22000B7E8F /* WeightAppTests.xctest */,
				95F71D131F720A22000B7E8F /* WeightAppUITests.xctest */,
			);
			name = Products;
			sourceTree = "<group>";
		};
		95F71CF61F720A22000B7E8F /* WeightApp */ = {
			isa = PBXGroup;
			children = (
				95F71CF71F720A22000B7E8F /* AppDelegate.swift */,
				95F71CF91F720A22000B7E8F /* ViewController.swift */,
				95F71CFB1F720A22000B7E8F /* Main.storyboard */,
				95F71CFE1F720A22000B7E8F /* Assets.xcassets */,
				95F71D001F720A22000B7E8F /* LaunchScreen.storyboard */,
				95F71D031F720A22000B7E8F /* Info.plist */,
			);
			path = WeightApp;
			sourceTree = "<group>";
		};
		95F71D0B1F720A22000B7E8F /* WeightAppTests */ = {
			isa = PBXGroup;
			children = (
				95F71D0C1F720A22000B7E8F /* WeightAppTests.swift */,
				95F71D0E1F720A22000B7E8F /* Info.plist */,
			);
			path = WeightAppTests;
			sourceTree = "<group>";
		};
		95F71D161F720A22000B7E8F /* WeightAppUITests */ = {
			isa = PBXGroup;
			children = (
				95F71D171F720A22000B7E8F /* WeightAppUITests.swift */,
				95F71D191F720A22000B7E8F /* Info.plist */,
			);
			path = WeightAppUITests;
			sourceTree = "<group>";
		};
/* End PBXGroup section */

/* Begin PBXNativeTarget section */
		95F71CF31F720A22000B7E8F /* WeightApp */ = {
			isa = PBXNativeTarget;
			buildConfigurationList = 95F71D1C1F720A22000B7E8F /* Build configuration list for PBXNativeTarget "WeightApp" */;
			buildPhases = (
				95F71CF01F720A22000B7E8F /* Sources */,
				95F71CF11F720A22000B7E8F /* Frameworks */,
				95F71CF21F720A22000B7E8F /* Resources */,
			);
			buildRules = (
			);
			dependencies = (
			);
			name = WeightApp;
			productName = WeightApp;
			productReference = 95F71CF41F720A22000B7E8F /* WeightApp.app */;
			productType = "com.apple.product-type.application";
		};
		95F71D071F720A22000B7E8F /* WeightAppTests */ = {
			isa = PBXNativeTarget;
			buildConfigurationList = 95F71D1F1F720A22000B7E8F /* Build configuration list for PBXNativeTarget "WeightAppTests" */;
			buildPhases = (
				95F71D041F720A22000B7E8F /* Sources */,
				95F71D051F720A22000B7E8F /* Frameworks */,
				95F71D061F720A22000B7E8F /* Resources */,
			);
			buildRules = (
			);
			dependencies = (
				95F71D0A1F720A22000B7E8F /* PBXTargetDependency */,
			);
			name = WeightAppTests;
			productName = WeightAppTests;
			productReference = 95F71D081F720A22000B7E8F /* WeightAppTests.xctest */;
			productType = "com.apple.product-type.bundle.unit-test";
		};
		95F71D121F720A22000B7E8F /* WeightAppUITests */ = {
			isa = PBXNativeTarget;
			buildConfigurationList = 95F71D221F720A22000B7E8F /* Build configuration list for PBXNativeTarget "WeightAppUITests" */;
			buildPhases = (
				95F71D0F1F720A22000B7E8F /* Sources */,
				95F71D101F720A22000B7E8F /* Frameworks */,
				95F71D111F720A22000B7E8F /* Resources */,
			);
			buildRules = (
			);
			dependencies = (
				95F71D151F720A22000B7E8F /* PBXTargetDependency */,
			);
			name = WeightAppUITests;
			productName = WeightAppUITests;
			productReference = 95F71D131F720A22000B7E8F /* WeightAppUITests.xctest */;
			productType = "com.apple.product-type.bundle.ui-testing";
		};
/* End PBXNativeTarget section */

/* Begin PBXProject section */
		95F71CEC1F720A22000B7E8F /* Project object */ = {
			isa = PBXProject;
			attributes = {
				LastSwiftUpdateCheck = 0830;
				LastUpgradeCheck = 0830;
				ORGANIZATIONNAME = "Taimore Khan";
				TargetAttributes = {
					95F71CF31F720A22000B7E8F = {
						CreatedOnToolsVersion = 8.3.3;
						ProvisioningStyle = Automatic;
					};
					95F71D071F720A22000B7E8F = {
						CreatedOnToolsVersion = 8.3.3;
						ProvisioningStyle = Automatic;
						TestTargetID = 95F71CF31F720A22000B7E8F;
					};
					95F71D121F720A22000B7E8F = {
						CreatedOnToolsVersion = 8.3.3;
						ProvisioningStyle = Automatic;
						TestTargetID = 95F71CF31F720A22000B7E8F;
					};
				};
			};
			buildConfigurationList = 95F71CEF1F720A22000B7E8F /* Build configuration list for PBXProject "WeightApp" */;
			compatibilityVersion = "Xcode 3.2";
			developmentRegion = English;
			hasScannedForEncodings = 0;
			knownRegions = (
				en,
				Base,
			);
			mainGroup = 95F71CEB1F720A22000B7E8F;
			productRefGroup = 95F71CF51F720A22000B7E8F /* Products */;
			projectDirPath = "";
			projectRoot = "";
			targets = (
				95F71CF31F720A22000B7E8F /* WeightApp */,
				95F71D071F720A22000B7E8F /* WeightAppTests */,
				95F71D121F720A22000B7E8F /* WeightAppUITests */,
			);
		};
/* End PBXProject section */

/* Begin PBXResourcesBuildPhase section */
		95F71CF21F720A22000B7E8F /* Resources */ = {
			isa = PBXResourcesBuildPhase;
			buildActionMask = 2147483647;
			files = (
				95F71D021F720A22000B7E8F /* LaunchScreen.storyboard in Resources */,
				95F71CFF1F720A22000B7E8F /* Assets.xcassets in Resources */,
				95F71CFD1F720A22000B7E8F /* Main.storyboard in Resources */,
			);
			runOnlyForDeploymentPostprocessing = 0;
		};
		95F71D061F720A22000B7E8F /* Resources */ = {
			isa = PBXResourcesBuildPhase;
			buildActionMask = 2147483647;
			files = (
			);
			runOnlyForDeploymentPostprocessing = 0;
		};
		95F71D111F720A22000B7E8F /* Resources */ = {
			isa = PBXResourcesBuildPhase;
			buildActionMask = 2147483647;
			files = (
			);
			runOnlyForDeploymentPostprocessing = 0;
		};
/* End PBXResourcesBuildPhase section */

/* Begin PBXSourcesBuildPhase section */
		95F71CF01F720A22000B7E8F /* Sources */ = {
			isa = PBXSourcesBuildPhase;
			buildActionMask = 2147483647;
			files = (
				95F71CFA1F720A22000B7E8F /* ViewController.swift in Sources */,
				95F71CF81F720A22000B7E8F /* AppDelegate.swift in Sources */,
			);
			runOnlyForDeploymentPostprocessing = 0;
		};
		95F71D041F720A22000B7E8F /* Sources */ = {
			isa = PBXSourcesBuildPhase;
			buildActionMask = 2147483647;
			files = (
				95F71D0D1F720A22000B7E8F /* WeightAppTests.swift in Sources */,
			);
			runOnlyForDeploymentPostprocessing = 0;
		};
		95F71D0F1F720A22000B7E8F /* Sources */ = {
			isa = PBXSourcesBuildPhase;
			buildActionMask = 2147483647;
			files = (
				95F71D181F720A22000B7E8F /* WeightAppUITests.swift in Sources */,
			);
			runOnlyForDeploymentPostprocessing = 0;
		};
/* End PBXSourcesBuildPhase section */

/* Begin PBXTargetDependency section */
		95F71D0A1F720A22000B7E8F /* PBXTargetDependency */ = {
			isa = PBXTargetDependency;
			target = 95F71CF31F720A22000B7E8F /* WeightApp */;
			targetProxy = 95F71D091F720A22000B7E8F /* PBXContainerItemProxy */;
		};
		95F71D151F720A22000B7E8F /* PBXTargetDependency */ = {
			isa = PBXTargetDependency;
			target = 95F71CF31F720A22000B7E8F /* WeightApp */;
			targetProxy = 95F71D141F720A22000B7E8F /* PBXContainerItemProxy */;
		};
/* End PBXTargetDependency section */

/* Begin PBXVariantGroup section */
		95F71CFB1F720A22000B7E8F /* Main.storyboard */ = {
			isa = PBXVariantGroup;
			children = (
				95F71CFC1F720A22000B7E8F /* Base */,
			);
			name = Main.storyboard;
			sourceTree = "<group>";
		};
		95F71D001F720A22000B7E8F /* LaunchScreen.storyboard */ = {
			isa = PBXVariantGroup;
			children = (
				95F71D011F720A22000B7E8F /* Base */,
			);
			name = LaunchScreen.storyboard;
			sourceTree = "<group>";
		};
/* End PBXVariantGroup section */

/* Begin XCBuildConfiguration section */
		95F71D1A1F720A22000B7E8F /* Debug */ = {
			isa = XCBuildConfiguration;
			buildSettings = {
				ALWAYS_SEARCH_USER_PATHS = NO;
				CLANG_ANALYZER_NONNULL = YES;
				CLANG_ANALYZER_NUMBER_OBJECT_CONVERSION = YES_AGGRESSIVE;
				CLANG_CXX_LANGUAGE_STANDARD = "gnu++0x";
				CLANG_CXX_LIBRARY = "libc++";
				CLANG_ENABLE_MODULES = YES;
				CLANG_ENABLE_OBJC_ARC = YES;
				CLANG_WARN_BOOL_CONVERSION = YES;
				CLANG_WARN_CONSTANT_CONVERSION = YES;
				CLANG_WARN_DIRECT_OBJC_ISA_USAGE = YES_ERROR;
				CLANG_WARN_DOCUMENTATION_COMMENTS = YES;
				CLANG_WARN_EMPTY_BODY = YES;
				CLANG_WARN_ENUM_CONVERSION = YES;
				CLANG_WARN_INFINITE_RECURSION = YES;
				CLANG_WARN_INT_CONVERSION = YES;
				CLANG_WARN_OBJC_ROOT_CLASS = YES_ERROR;
				CLANG_WARN_SUSPICIOUS_MOVE = YES;
				CLANG_WARN_UNREACHABLE_CODE = YES;
				CLANG_WARN__DUPLICATE_METHOD_MATCH = YES;
				"CODE_SIGN_IDENTITY[sdk=iphoneos*]" = "iPhone Developer";
				COPY_PHASE_STRIP = NO;
				DEBUG_INFORMATION_FORMAT = dwarf;
				ENABLE_STRICT_OBJC_MSGSEND = YES;
				ENABLE_TESTABILITY = YES;
				GCC_C_LANGUAGE_STANDARD = gnu99;
				GCC_DYNAMIC_NO_PIC = NO;
				GCC_NO_COMMON_BLOCKS = YES;
				GCC_OPTIMIZATION_LEVEL = 0;
				GCC_PREPROCESSOR_DEFINITIONS = (
					"DEBUG=1",
					"$(inherited)",
				);
				GCC_WARN_64_TO_32_BIT_CONVERSION = YES;
				GCC_WARN_ABOUT_RETURN_TYPE = YES_ERROR;
				GCC_WARN_UNDECLARED_SELECTOR = YES;
				GCC_WARN_UNINITIALIZED_AUTOS = YES_AGGRESSIVE;
				GCC_WARN_UNUSED_FUNCTION = YES;
				GCC_WARN_UNUSED_VARIABLE = YES;
				IPHONEOS_DEPLOYMENT_TARGET = 10.3;
				MTL_ENABLE_DEBUG_INFO = YES;
				ONLY_ACTIVE_ARCH = YES;
				SDKROOT = iphoneos;
				SWIFT_ACTIVE_COMPILATION_CONDITIONS = DEBUG;
				SWIFT_OPTIMIZATION_LEVEL = "-Onone";
				TARGETED_DEVICE_FAMILY = "1,2";
			};
			name = Debug;
		};
		95F71D1B1F720A22000B7E8F /* Release */ = {
			isa = XCBuildConfiguration;
			buildSettings = {
				ALWAYS_SEARCH_USER_PATHS = NO;
				CLANG_ANALYZER_NONNULL = YES;
				CLANG_ANALYZER_NUMBER_OBJECT_CONVERSION = YES_AGGRESSIVE;
				CLANG_CXX_LANGUAGE_STANDARD = "gnu++0x";
				CLANG_CXX_LIBRARY = "libc++";
				CLANG_ENABLE_MODULES = YES;
				CLANG_ENABLE_OBJC_ARC = YES;
				CLANG_WARN_BOOL_CONVERSION = YES;
				CLANG_WARN_CONSTANT_CONVERSION = YES;
				CLANG_WARN_DIRECT_OBJC_ISA_USAGE = YES_ERROR;
				CLANG_WARN_DOCUMENTATION_COMMENTS = YES;
				CLANG_WARN_EMPTY_BODY = YES;
				CLANG_WARN_ENUM_CONVERSION = YES;
				CLANG_WARN_INFINITE_RECURSION = YES;
				CLANG_WARN_INT_CONVERSION = YES;
				CLANG_WARN_OBJC_ROOT_CLASS = YES_ERROR;
				CLANG_WARN_SUSPICIOUS_MOVE = YES;
				CLANG_WARN_UNREACHABLE_CODE = YES;
				CLANG_WARN__DUPLICATE_METHOD_MATCH = YES;
				"CODE_SIGN_IDENTITY[sdk=iphoneos*]" = "iPhone Developer";
				COPY_PHASE_STRIP = NO;
				DEBUG_INFORMATION_FORMAT = "dwarf-with-dsym";
				ENABLE_NS_ASSERTIONS = NO;
				ENABLE_STRICT_OBJC_MSGSEND = YES;
				GCC_C_LANGUAGE_STANDARD = gnu99;
				GCC_NO_COMMON_BLOCKS = YES;
				GCC_WARN_64_TO_32_BIT_CONVERSION = YES;
				GCC_WARN_ABOUT_RETURN_TYPE = YES_ERROR;
				GCC_WARN_UNDECLARED_SELECTOR = YES;
				GCC_WARN_UNINITIALIZED_AUTOS = YES_AGGRESSIVE;
				GCC_WARN_UNUSED_FUNCTION = YES;
				GCC_WARN_UNUSED_VARIABLE = YES;
				IPHONEOS_DEPLOYMENT_TARGET = 10.3;
				MTL_ENABLE_DEBUG_INFO = NO;
				SDKROOT = iphoneos;
				SWIFT_OPTIMIZATION_LEVEL = "-Owholemodule";
				TARGETED_DEVICE_FAMILY = "1,2";
				VALIDATE_PRODUCT = YES;
			};
			name = Release;
		};
		95F71D1D1F720A22000B7E8F /* Debug */ = {
			isa = XCBuildConfiguration;
			buildSettings = {
				ASSETCATALOG_COMPILER_APPICON_NAME = AppIcon;
				INFOPLIST_FILE = WeightApp/Info.plist;
				LD_RUNPATH_SEARCH_PATHS = "$(inherited) @executable_path/Frameworks";
				PRODUCT_BUNDLE_IDENTIFIER = taimorekhan.WeightApp;
				PRODUCT_NAME = "$(TARGET_NAME)";
				SWIFT_VERSION = 3.0;
			};
			name = Debug;
		};
		95F71D1E1F720A22000B7E8F /* Release */ = {
			isa = XCBuildConfiguration;
			buildSettings = {
				ASSETCATALOG_COMPILER_APPICON_NAME = AppIcon;
				INFOPLIST_FILE = WeightApp/Info.plist;
				LD_RUNPATH_SEARCH_PATHS = "$(inherited) @executable_path/Frameworks";
				PRODUCT_BUNDLE_IDENTIFIER = taimorekhan.WeightApp;
				PRODUCT_NAME = "$(TARGET_NAME)";
				SWIFT_VERSION = 3.0;
			};
			name = Release;
		};
		95F71D201F720A22000B7E8F /* Debug */ = {
			isa = XCBuildConfiguration;
			buildSettings = {
				ALWAYS_EMBED_SWIFT_STANDARD_LIBRARIES = YES;
				BUNDLE_LOADER = "$(TEST_HOST)";
				INFOPLIST_FILE = WeightAppTests/Info.plist;
				LD_RUNPATH_SEARCH_PATHS = "$(inherited) @executable_path/Frameworks @loader_path/Frameworks";
				PRODUCT_BUNDLE_IDENTIFIER = taimorekhan.WeightAppTests;
				PRODUCT_NAME = "$(TARGET_NAME)";
				SWIFT_VERSION = 3.0;
				TEST_HOST = "$(BUILT_PRODUCTS_DIR)/WeightApp.app/WeightApp";
			};
			name = Debug;
		};
		95F71D211F720A22000B7E8F /* Release */ = {
			isa = XCBuildConfiguration;
			buildSettings = {
				ALWAYS_EMBED_SWIFT_STANDARD_LIBRARIES = YES;
				BUNDLE_LOADER = "$(TEST_HOST)";
				INFOPLIST_FILE = WeightAppTests/Info.plist;
				LD_RUNPATH_SEARCH_PATHS = "$(inherited) @executable_path/Frameworks @loader_path/Frameworks";
				PRODUCT_BUNDLE_IDENTIFIER = taimorekhan.WeightAppTests;
				PRODUCT_NAME = "$(TARGET_NAME)";
				SWIFT_VERSION = 3.0;
				TEST_HOST = "$(BUILT_PRODUCTS_DIR)/WeightApp.app/WeightApp";
			};
			name = Release;
		};
		95F71D231F720A22000B7E8F /* Debug */ = {
			isa = XCBuildConfiguration;
			buildSettings = {
				ALWAYS_EMBED_SWIFT_STANDARD_LIBRARIES = YES;
				INFOPLIST_FILE = WeightAppUITests/Info.plist;
				LD_RUNPATH_SEARCH_PATHS = "$(inherited) @executable_path/Frameworks @loader_path/Frameworks";
				PRODUCT_BUNDLE_IDENTIFIER = taimorekhan.WeightAppUITests;
				PRODUCT_NAME = "$(TARGET_NAME)";
				SWIFT_VERSION = 3.0;
				TEST_TARGET_NAME = WeightApp;
			};
			name = Debug;
		};
		95F71D241F720A22000B7E8F /* Release */ = {
			isa = XCBuildConfiguration;
			buildSettings = {
				ALWAYS_EMBED_SWIFT_STANDARD_LIBRARIES = YES;
				INFOPLIST_FILE = WeightAppUITests/Info.plist;
				LD_RUNPATH_SEARCH_PATHS = "$(inherited) @executable_path/Frameworks @loader_path/Frameworks";
				PRODUCT_BUNDLE_IDENTIFIER = taimorekhan.WeightAppUITests;
				PRODUCT_NAME = "$(TARGET_NAME)";
				SWIFT_VERSION = 3.0;
				TEST_TARGET_NAME = WeightApp;
			};
			name = Release;
		};
/* End XCBuildConfiguration section */

/* Begin XCConfigurationList section */
		95F71CEF1F720A22000B7E8F /* Build configuration list for PBXProject "WeightApp" */ = {
			isa = XCConfigurationList;
			buildConfigurations = (
				95F71D1A1F720A22000B7E8F /* Debug */,
				95F71D1B1F720A22000B7E8F /* Release */,
			);
			defaultConfigurationIsVisible = 0;
			defaultConfigurationName = Release;
		};
		95F71D1C1F720A22000B7E8F /* Build configuration list for PBXNativeTarget "WeightApp" */ = {
			isa = XCConfigurationList;
			buildConfigurations = (
				95F71D1D1F720A22000B7E8F /* Debug */,
				95F71D1E1F720A22000B7E8F /* Release */,
			);
			defaultConfigurationIsVisible = 0;
		};
		95F71D1F1F720A22000B7E8F /* Build configuration list for PBXNativeTarget "WeightAppTests" */ = {
			isa = XCConfigurationList;
			buildConfigurations = (
				95F71D201F720A22000B7E8F /* Debug */,
				95F71D211F720A22000B7E8F /* Release */,
			);
			defaultConfigurationIsVisible = 0;
		};
		95F71D221F720A22000B7E8F /* Build configuration list for PBXNativeTarget "WeightAppUITests" */ = {
			isa = XCConfigurationList;
			buildConfigurations = (
				95F71D231F720A22000B7E8F /* Debug */,
				95F71D241F720A22000B7E8F /* Release */,
			);
			defaultConfigurationIsVisible = 0;
		};
/* End XCConfigurationList section */
	};
	rootObject = 95F71CEC1F720A22000B7E8F /* Project object */;
}
